// !$*UTF8*$!
{
	archiveVersion = 1;
	classes = {
	};
	objectVersion = 51;
	objects = {

/* Begin PBXBuildFile section */
		032512BD24F6007A00AF1E34 /* HomeViewController.swift in Sources */ = {isa = PBXBuildFile; fileRef = 032512BC24F6007A00AF1E34 /* HomeViewController.swift */; };
		033AB739250A1FAE00A71284 /* DiscoverDetailsViewController.swift in Sources */ = {isa = PBXBuildFile; fileRef = 033AB738250A1FAE00A71284 /* DiscoverDetailsViewController.swift */; };
		033C70FF24FE7DCA0067BAF1 /* ShowDetailsViewController.swift in Sources */ = {isa = PBXBuildFile; fileRef = 033C70FE24FE7DCA0067BAF1 /* ShowDetailsViewController.swift */; };
		033C710124FE9B040067BAF1 /* DiscoverTableViewCell.swift in Sources */ = {isa = PBXBuildFile; fileRef = 033C710024FE9B040067BAF1 /* DiscoverTableViewCell.swift */; };
		034604D1251459D3007F908F /* DateCell.swift in Sources */ = {isa = PBXBuildFile; fileRef = 034604D0251459D3007F908F /* DateCell.swift */; };
		034604D325149B9E007F908F /* DateHeader.swift in Sources */ = {isa = PBXBuildFile; fileRef = 034604D225149B9E007F908F /* DateHeader.swift */; };
		0358AE37251C4F9700538DB2 /* MineTableViewCell.swift in Sources */ = {isa = PBXBuildFile; fileRef = 0358AE36251C4F9600538DB2 /* MineTableViewCell.swift */; };
		038392DF24F219AB001385A4 /* AppDelegate.swift in Sources */ = {isa = PBXBuildFile; fileRef = 038392DE24F219AB001385A4 /* AppDelegate.swift */; };
		038392E124F219AB001385A4 /* SceneDelegate.swift in Sources */ = {isa = PBXBuildFile; fileRef = 038392E024F219AB001385A4 /* SceneDelegate.swift */; };
		038392E624F219AB001385A4 /* Main.storyboard in Resources */ = {isa = PBXBuildFile; fileRef = 038392E424F219AB001385A4 /* Main.storyboard */; };
		038392E824F219AD001385A4 /* Assets.xcassets in Resources */ = {isa = PBXBuildFile; fileRef = 038392E724F219AD001385A4 /* Assets.xcassets */; };
		038392EB24F219AD001385A4 /* LaunchScreen.storyboard in Resources */ = {isa = PBXBuildFile; fileRef = 038392E924F219AD001385A4 /* LaunchScreen.storyboard */; };
		038392F624F219AE001385A4 /* Demo_AppTests.swift in Sources */ = {isa = PBXBuildFile; fileRef = 038392F524F219AE001385A4 /* Demo_AppTests.swift */; };
		0383930124F219AE001385A4 /* Demo_AppUITests.swift in Sources */ = {isa = PBXBuildFile; fileRef = 0383930024F219AE001385A4 /* Demo_AppUITests.swift */; };
		03A4DE0A24F78A3700258BBF /* data.json in Resources */ = {isa = PBXBuildFile; fileRef = 03A4DE0924F78A3700258BBF /* data.json */; };
		03C21BD324F633BE002EC69F /* DiscoverViewController.swift in Sources */ = {isa = PBXBuildFile; fileRef = 03C21BD224F633BE002EC69F /* DiscoverViewController.swift */; };
		03C21BD724F63646002EC69F /* ScheduleViewController.swift in Sources */ = {isa = PBXBuildFile; fileRef = 03C21BD624F63646002EC69F /* ScheduleViewController.swift */; };
		03C21BD924F6367B002EC69F /* MineViewController.swift in Sources */ = {isa = PBXBuildFile; fileRef = 03C21BD824F6367B002EC69F /* MineViewController.swift */; };
		03C21BDB24F642DE002EC69F /* ADLoopView.swift in Sources */ = {isa = PBXBuildFile; fileRef = 03C21BDA24F642DE002EC69F /* ADLoopView.swift */; };
		4979545E9A0E3EB3C91B0E96 /* Pods_Swift_Demo.framework in Frameworks */ = {isa = PBXBuildFile; fileRef = F3D13A4D76443C6163496635 /* Pods_Swift_Demo.framework */; };
		550C69825DDC8B8F0015784E /* Pods_Swift_DemoTests.framework in Frameworks */ = {isa = PBXBuildFile; fileRef = 5ACBA5B8B17D84C0B566B748 /* Pods_Swift_DemoTests.framework */; };
		5802B44726E8EA47D45C2047 /* Pods_Swift_Demo_Swift_DemoUITests.framework in Frameworks */ = {isa = PBXBuildFile; fileRef = B91B5DBC232E2F28D42CAF27 /* Pods_Swift_Demo_Swift_DemoUITests.framework */; };
/* End PBXBuildFile section */

/* Begin PBXContainerItemProxy section */
		038392F224F219AE001385A4 /* PBXContainerItemProxy */ = {
			isa = PBXContainerItemProxy;
			containerPortal = 038392D324F219AB001385A4 /* Project object */;
			proxyType = 1;
			remoteGlobalIDString = 038392DA24F219AB001385A4;
			remoteInfo = "Swift-Demo";
		};
		038392FD24F219AE001385A4 /* PBXContainerItemProxy */ = {
			isa = PBXContainerItemProxy;
			containerPortal = 038392D324F219AB001385A4 /* Project object */;
			proxyType = 1;
			remoteGlobalIDString = 038392DA24F219AB001385A4;
			remoteInfo = "Swift-Demo";
		};
/* End PBXContainerItemProxy section */

/* Begin PBXFileReference section */
		032512BC24F6007A00AF1E34 /* HomeViewController.swift */ = {isa = PBXFileReference; lastKnownFileType = sourcecode.swift; path = HomeViewController.swift; sourceTree = "<group>"; };
		033AB738250A1FAE00A71284 /* DiscoverDetailsViewController.swift */ = {isa = PBXFileReference; lastKnownFileType = sourcecode.swift; path = DiscoverDetailsViewController.swift; sourceTree = "<group>"; };
		033C70FE24FE7DCA0067BAF1 /* ShowDetailsViewController.swift */ = {isa = PBXFileReference; lastKnownFileType = sourcecode.swift; path = ShowDetailsViewController.swift; sourceTree = "<group>"; };
		033C710024FE9B040067BAF1 /* DiscoverTableViewCell.swift */ = {isa = PBXFileReference; lastKnownFileType = sourcecode.swift; path = DiscoverTableViewCell.swift; sourceTree = "<group>"; };
		034604D0251459D3007F908F /* DateCell.swift */ = {isa = PBXFileReference; lastKnownFileType = sourcecode.swift; path = DateCell.swift; sourceTree = "<group>"; };
		034604D225149B9E007F908F /* DateHeader.swift */ = {isa = PBXFileReference; lastKnownFileType = sourcecode.swift; path = DateHeader.swift; sourceTree = "<group>"; };
		0358AE36251C4F9600538DB2 /* MineTableViewCell.swift */ = {isa = PBXFileReference; fileEncoding = 4; lastKnownFileType = sourcecode.swift; path = MineTableViewCell.swift; sourceTree = "<group>"; };
		038392DB24F219AB001385A4 /* Swift-Demo.app */ = {isa = PBXFileReference; explicitFileType = wrapper.application; includeInIndex = 0; path = "Swift-Demo.app"; sourceTree = BUILT_PRODUCTS_DIR; };
		038392DE24F219AB001385A4 /* AppDelegate.swift */ = {isa = PBXFileReference; lastKnownFileType = sourcecode.swift; path = AppDelegate.swift; sourceTree = "<group>"; };
		038392E024F219AB001385A4 /* SceneDelegate.swift */ = {isa = PBXFileReference; lastKnownFileType = sourcecode.swift; path = SceneDelegate.swift; sourceTree = "<group>"; };
		038392E524F219AB001385A4 /* Base */ = {isa = PBXFileReference; lastKnownFileType = file.storyboard; name = Base; path = Base.lproj/Main.storyboard; sourceTree = "<group>"; };
		038392E724F219AD001385A4 /* Assets.xcassets */ = {isa = PBXFileReference; lastKnownFileType = folder.assetcatalog; path = Assets.xcassets; sourceTree = "<group>"; };
		038392EA24F219AD001385A4 /* Base */ = {isa = PBXFileReference; lastKnownFileType = file.storyboard; name = Base; path = Base.lproj/LaunchScreen.storyboard; sourceTree = "<group>"; };
		038392EC24F219AD001385A4 /* Info.plist */ = {isa = PBXFileReference; lastKnownFileType = text.plist.xml; path = Info.plist; sourceTree = "<group>"; };
		038392F124F219AE001385A4 /* Swift-DemoTests.xctest */ = {isa = PBXFileReference; explicitFileType = wrapper.cfbundle; includeInIndex = 0; path = "Swift-DemoTests.xctest"; sourceTree = BUILT_PRODUCTS_DIR; };
		038392F524F219AE001385A4 /* Demo_AppTests.swift */ = {isa = PBXFileReference; lastKnownFileType = sourcecode.swift; path = Demo_AppTests.swift; sourceTree = "<group>"; };
		038392F724F219AE001385A4 /* Info.plist */ = {isa = PBXFileReference; lastKnownFileType = text.plist.xml; path = Info.plist; sourceTree = "<group>"; };
		038392FC24F219AE001385A4 /* Swift-DemoUITests.xctest */ = {isa = PBXFileReference; explicitFileType = wrapper.cfbundle; includeInIndex = 0; path = "Swift-DemoUITests.xctest"; sourceTree = BUILT_PRODUCTS_DIR; };
		0383930024F219AE001385A4 /* Demo_AppUITests.swift */ = {isa = PBXFileReference; lastKnownFileType = sourcecode.swift; path = Demo_AppUITests.swift; sourceTree = "<group>"; };
		0383930224F219AE001385A4 /* Info.plist */ = {isa = PBXFileReference; lastKnownFileType = text.plist.xml; path = Info.plist; sourceTree = "<group>"; };
		03A4DE0924F78A3700258BBF /* data.json */ = {isa = PBXFileReference; fileEncoding = 4; lastKnownFileType = text.json; name = data.json; path = "../../../小作业/iOS小作业W4/小作业assets/data.json"; sourceTree = "<group>"; };
		03C21BD224F633BE002EC69F /* DiscoverViewController.swift */ = {isa = PBXFileReference; lastKnownFileType = sourcecode.swift; path = DiscoverViewController.swift; sourceTree = "<group>"; };
		03C21BD624F63646002EC69F /* ScheduleViewController.swift */ = {isa = PBXFileReference; lastKnownFileType = sourcecode.swift; path = ScheduleViewController.swift; sourceTree = "<group>"; };
		03C21BD824F6367B002EC69F /* MineViewController.swift */ = {isa = PBXFileReference; lastKnownFileType = sourcecode.swift; path = MineViewController.swift; sourceTree = "<group>"; };
		03C21BDA24F642DE002EC69F /* ADLoopView.swift */ = {isa = PBXFileReference; lastKnownFileType = sourcecode.swift; path = ADLoopView.swift; sourceTree = "<group>"; };
		19CBF85D5EBB9A190DB3D337 /* Pods-Swift-Demo-Swift-DemoUITests.debug.xcconfig */ = {isa = PBXFileReference; includeInIndex = 1; lastKnownFileType = text.xcconfig; name = "Pods-Swift-Demo-Swift-DemoUITests.debug.xcconfig"; path = "Target Support Files/Pods-Swift-Demo-Swift-DemoUITests/Pods-Swift-Demo-Swift-DemoUITests.debug.xcconfig"; sourceTree = "<group>"; };
		5ACBA5B8B17D84C0B566B748 /* Pods_Swift_DemoTests.framework */ = {isa = PBXFileReference; explicitFileType = wrapper.framework; includeInIndex = 0; path = Pods_Swift_DemoTests.framework; sourceTree = BUILT_PRODUCTS_DIR; };
		62A2F3EF42696DB5F97F6D43 /* Pods-Swift-Demo-Swift-DemoUITests.release.xcconfig */ = {isa = PBXFileReference; includeInIndex = 1; lastKnownFileType = text.xcconfig; name = "Pods-Swift-Demo-Swift-DemoUITests.release.xcconfig"; path = "Target Support Files/Pods-Swift-Demo-Swift-DemoUITests/Pods-Swift-Demo-Swift-DemoUITests.release.xcconfig"; sourceTree = "<group>"; };
		6B89A92B8868F3849BCB2CAF /* Pods-Swift-DemoTests.debug.xcconfig */ = {isa = PBXFileReference; includeInIndex = 1; lastKnownFileType = text.xcconfig; name = "Pods-Swift-DemoTests.debug.xcconfig"; path = "Target Support Files/Pods-Swift-DemoTests/Pods-Swift-DemoTests.debug.xcconfig"; sourceTree = "<group>"; };
		A388B7EC7DD188954247CE67 /* Pods-Swift-Demo.release.xcconfig */ = {isa = PBXFileReference; includeInIndex = 1; lastKnownFileType = text.xcconfig; name = "Pods-Swift-Demo.release.xcconfig"; path = "Target Support Files/Pods-Swift-Demo/Pods-Swift-Demo.release.xcconfig"; sourceTree = "<group>"; };
		B91B5DBC232E2F28D42CAF27 /* Pods_Swift_Demo_Swift_DemoUITests.framework */ = {isa = PBXFileReference; explicitFileType = wrapper.framework; includeInIndex = 0; path = Pods_Swift_Demo_Swift_DemoUITests.framework; sourceTree = BUILT_PRODUCTS_DIR; };
		CCF54DFC9D28BE5D0F8A4BCC /* Pods-Swift-Demo.debug.xcconfig */ = {isa = PBXFileReference; includeInIndex = 1; lastKnownFileType = text.xcconfig; name = "Pods-Swift-Demo.debug.xcconfig"; path = "Target Support Files/Pods-Swift-Demo/Pods-Swift-Demo.debug.xcconfig"; sourceTree = "<group>"; };
		F3D13A4D76443C6163496635 /* Pods_Swift_Demo.framework */ = {isa = PBXFileReference; explicitFileType = wrapper.framework; includeInIndex = 0; path = Pods_Swift_Demo.framework; sourceTree = BUILT_PRODUCTS_DIR; };
		F95B027CC68AD24E9534A621 /* Pods-Swift-DemoTests.release.xcconfig */ = {isa = PBXFileReference; includeInIndex = 1; lastKnownFileType = text.xcconfig; name = "Pods-Swift-DemoTests.release.xcconfig"; path = "Target Support Files/Pods-Swift-DemoTests/Pods-Swift-DemoTests.release.xcconfig"; sourceTree = "<group>"; };
/* End PBXFileReference section */

/* Begin PBXFrameworksBuildPhase section */
		038392D824F219AB001385A4 /* Frameworks */ = {
			isa = PBXFrameworksBuildPhase;
			buildActionMask = 2147483647;
			files = (
				4979545E9A0E3EB3C91B0E96 /* Pods_Swift_Demo.framework in Frameworks */,
			);
			runOnlyForDeploymentPostprocessing = 0;
		};
		038392EE24F219AE001385A4 /* Frameworks */ = {
			isa = PBXFrameworksBuildPhase;
			buildActionMask = 2147483647;
			files = (
				550C69825DDC8B8F0015784E /* Pods_Swift_DemoTests.framework in Frameworks */,
			);
			runOnlyForDeploymentPostprocessing = 0;
		};
		038392F924F219AE001385A4 /* Frameworks */ = {
			isa = PBXFrameworksBuildPhase;
			buildActionMask = 2147483647;
			files = (
				5802B44726E8EA47D45C2047 /* Pods_Swift_Demo_Swift_DemoUITests.framework in Frameworks */,
			);
			runOnlyForDeploymentPostprocessing = 0;
		};
/* End PBXFrameworksBuildPhase section */

/* Begin PBXGroup section */
		03033B832514B01C00D39273 /* Mine */ = {
			isa = PBXGroup;
			children = (
				0358AE36251C4F9600538DB2 /* MineTableViewCell.swift */,
				03C21BD824F6367B002EC69F /* MineViewController.swift */,
			);
			path = Mine;
			sourceTree = "<group>";
		};
		034604CF25145864007F908F /* Schedule */ = {
			isa = PBXGroup;
			children = (
				03C21BD624F63646002EC69F /* ScheduleViewController.swift */,
				034604D0251459D3007F908F /* DateCell.swift */,
				034604D225149B9E007F908F /* DateHeader.swift */,
			);
			path = Schedule;
			sourceTree = "<group>";
		};
		038392D224F219AB001385A4 = {
			isa = PBXGroup;
			children = (
				038392DD24F219AB001385A4 /* Swift-Demo */,
				038392F424F219AE001385A4 /* Swift-DemoTests */,
				038392FF24F219AE001385A4 /* Swift-DemoUITests */,
				354E7EC0CFFFB11C2A202995 /* Pods */,
				E85C0DBA6D3EE49A584A87FC /* Frameworks */,
			);
			sourceTree = "<group>";
		};
		038392DC24F219AB001385A4 /* Products */ = {
			isa = PBXGroup;
			children = (
				038392DB24F219AB001385A4 /* Swift-Demo.app */,
				038392F124F219AE001385A4 /* Swift-DemoTests.xctest */,
				038392FC24F219AE001385A4 /* Swift-DemoUITests.xctest */,
			);
			name = Products;
			path = ..;
			sourceTree = "<group>";
		};
		038392DD24F219AB001385A4 /* Swift-Demo */ = {
			isa = PBXGroup;
			children = (
				038392DE24F219AB001385A4 /* AppDelegate.swift */,
				03A4DE0924F78A3700258BBF /* data.json */,
				038392E024F219AB001385A4 /* SceneDelegate.swift */,
				03A4DE0824F7893200258BBF /* Discover */,
				03A4DE0724F7890700258BBF /* Home */,
				034604CF25145864007F908F /* Schedule */,
				03033B832514B01C00D39273 /* Mine */,
				038392E424F219AB001385A4 /* Main.storyboard */,
				038392E724F219AD001385A4 /* Assets.xcassets */,
				038392E924F219AD001385A4 /* LaunchScreen.storyboard */,
				038392EC24F219AD001385A4 /* Info.plist */,
				038392DC24F219AB001385A4 /* Products */,
			);
			path = "Swift-Demo";
			sourceTree = "<group>";
		};
		038392F424F219AE001385A4 /* Swift-DemoTests */ = {
			isa = PBXGroup;
			children = (
				038392F524F219AE001385A4 /* Demo_AppTests.swift */,
				038392F724F219AE001385A4 /* Info.plist */,
			);
			path = "Swift-DemoTests";
			sourceTree = "<group>";
		};
		038392FF24F219AE001385A4 /* Swift-DemoUITests */ = {
			isa = PBXGroup;
			children = (
				0383930024F219AE001385A4 /* Demo_AppUITests.swift */,
				0383930224F219AE001385A4 /* Info.plist */,
			);
			path = "Swift-DemoUITests";
			sourceTree = "<group>";
		};
		03A4DE0724F7890700258BBF /* Home */ = {
			isa = PBXGroup;
			children = (
				03C21BDA24F642DE002EC69F /* ADLoopView.swift */,
				032512BC24F6007A00AF1E34 /* HomeViewController.swift */,
				033C70FE24FE7DCA0067BAF1 /* ShowDetailsViewController.swift */,
			);
			path = Home;
			sourceTree = "<group>";
		};
		03A4DE0824F7893200258BBF /* Discover */ = {
			isa = PBXGroup;
			children = (
				03C21BD224F633BE002EC69F /* DiscoverViewController.swift */,
				033AB738250A1FAE00A71284 /* DiscoverDetailsViewController.swift */,
				033C710024FE9B040067BAF1 /* DiscoverTableViewCell.swift */,
			);
			path = Discover;
			sourceTree = "<group>";
		};
		354E7EC0CFFFB11C2A202995 /* Pods */ = {
			isa = PBXGroup;
			children = (
				CCF54DFC9D28BE5D0F8A4BCC /* Pods-Swift-Demo.debug.xcconfig */,
				A388B7EC7DD188954247CE67 /* Pods-Swift-Demo.release.xcconfig */,
				19CBF85D5EBB9A190DB3D337 /* Pods-Swift-Demo-Swift-DemoUITests.debug.xcconfig */,
				62A2F3EF42696DB5F97F6D43 /* Pods-Swift-Demo-Swift-DemoUITests.release.xcconfig */,
				6B89A92B8868F3849BCB2CAF /* Pods-Swift-DemoTests.debug.xcconfig */,
				F95B027CC68AD24E9534A621 /* Pods-Swift-DemoTests.release.xcconfig */,
			);
			path = Pods;
			sourceTree = "<group>";
		};
		E85C0DBA6D3EE49A584A87FC /* Frameworks */ = {
			isa = PBXGroup;
			children = (
				F3D13A4D76443C6163496635 /* Pods_Swift_Demo.framework */,
				B91B5DBC232E2F28D42CAF27 /* Pods_Swift_Demo_Swift_DemoUITests.framework */,
				5ACBA5B8B17D84C0B566B748 /* Pods_Swift_DemoTests.framework */,
			);
			name = Frameworks;
			sourceTree = "<group>";
		};
/* End PBXGroup section */

/* Begin PBXNativeTarget section */
		038392DA24F219AB001385A4 /* Swift-Demo */ = {
			isa = PBXNativeTarget;
			buildConfigurationList = 0383930524F219AE001385A4 /* Build configuration list for PBXNativeTarget "Swift-Demo" */;
			buildPhases = (
				1FAE3B2EC15D61518ABEE914 /* [CP] Check Pods Manifest.lock */,
				038392D724F219AB001385A4 /* Sources */,
				038392D824F219AB001385A4 /* Frameworks */,
				038392D924F219AB001385A4 /* Resources */,
				13E419AAAE92B94300EEDD35 /* [CP] Embed Pods Frameworks */,
			);
			buildRules = (
			);
			dependencies = (
			);
			name = "Swift-Demo";
			productName = "Swift-Demo";
			productReference = 038392DB24F219AB001385A4 /* Swift-Demo.app */;
			productType = "com.apple.product-type.application";
		};
		038392F024F219AE001385A4 /* Swift-DemoTests */ = {
			isa = PBXNativeTarget;
			buildConfigurationList = 0383930824F219AE001385A4 /* Build configuration list for PBXNativeTarget "Swift-DemoTests" */;
			buildPhases = (
				0A23B9FC50799F91C7202DE1 /* [CP] Check Pods Manifest.lock */,
				038392ED24F219AE001385A4 /* Sources */,
				038392EE24F219AE001385A4 /* Frameworks */,
				038392EF24F219AE001385A4 /* Resources */,
			);
			buildRules = (
			);
			dependencies = (
				038392F324F219AE001385A4 /* PBXTargetDependency */,
			);
			name = "Swift-DemoTests";
			productName = "Swift-DemoTests";
			productReference = 038392F124F219AE001385A4 /* Swift-DemoTests.xctest */;
			productType = "com.apple.product-type.bundle.unit-test";
		};
		038392FB24F219AE001385A4 /* Swift-DemoUITests */ = {
			isa = PBXNativeTarget;
			buildConfigurationList = 0383930B24F219AE001385A4 /* Build configuration list for PBXNativeTarget "Swift-DemoUITests" */;
			buildPhases = (
				F84E0D6A5D53F818885C128F /* [CP] Check Pods Manifest.lock */,
				038392F824F219AE001385A4 /* Sources */,
				038392F924F219AE001385A4 /* Frameworks */,
				038392FA24F219AE001385A4 /* Resources */,
				2EC4DBC7A77DDE7673ECC1CF /* [CP] Embed Pods Frameworks */,
			);
			buildRules = (
			);
			dependencies = (
				038392FE24F219AE001385A4 /* PBXTargetDependency */,
			);
			name = "Swift-DemoUITests";
			productName = "Swift-DemoUITests";
			productReference = 038392FC24F219AE001385A4 /* Swift-DemoUITests.xctest */;
			productType = "com.apple.product-type.bundle.ui-testing";
		};
/* End PBXNativeTarget section */

/* Begin PBXProject section */
		038392D324F219AB001385A4 /* Project object */ = {
			isa = PBXProject;
			attributes = {
				LastSwiftUpdateCheck = 1160;
				LastUpgradeCheck = 1160;
				ORGANIZATIONNAME = devin;
				TargetAttributes = {
					038392DA24F219AB001385A4 = {
						CreatedOnToolsVersion = 11.6;
					};
					038392F024F219AE001385A4 = {
						CreatedOnToolsVersion = 11.6;
						TestTargetID = 038392DA24F219AB001385A4;
					};
					038392FB24F219AE001385A4 = {
						CreatedOnToolsVersion = 11.6;
						TestTargetID = 038392DA24F219AB001385A4;
					};
				};
			};
			buildConfigurationList = 038392D624F219AB001385A4 /* Build configuration list for PBXProject "Swift-Demo" */;
			compatibilityVersion = "Xcode 9.3";
			developmentRegion = en;
			hasScannedForEncodings = 0;
			knownRegions = (
				en,
				Base,
			);
			mainGroup = 038392D224F219AB001385A4;
			productRefGroup = 038392DC24F219AB001385A4 /* Products */;
			projectDirPath = "";
			projectRoot = "";
			targets = (
				038392DA24F219AB001385A4 /* Swift-Demo */,
				038392F024F219AE001385A4 /* Swift-DemoTests */,
				038392FB24F219AE001385A4 /* Swift-DemoUITests */,
			);
		};
/* End PBXProject section */

/* Begin PBXResourcesBuildPhase section */
		038392D924F219AB001385A4 /* Resources */ = {
			isa = PBXResourcesBuildPhase;
			buildActionMask = 2147483647;
			files = (
				038392EB24F219AD001385A4 /* LaunchScreen.storyboard in Resources */,
				038392E824F219AD001385A4 /* Assets.xcassets in Resources */,
				038392E624F219AB001385A4 /* Main.storyboard in Resources */,
				03A4DE0A24F78A3700258BBF /* data.json in Resources */,
			);
			runOnlyForDeploymentPostprocessing = 0;
		};
		038392EF24F219AE001385A4 /* Resources */ = {
			isa = PBXResourcesBuildPhase;
			buildActionMask = 2147483647;
			files = (
			);
			runOnlyForDeploymentPostprocessing = 0;
		};
		038392FA24F219AE001385A4 /* Resources */ = {
			isa = PBXResourcesBuildPhase;
			buildActionMask = 2147483647;
			files = (
			);
			runOnlyForDeploymentPostprocessing = 0;
		};
/* End PBXResourcesBuildPhase section */

/* Begin PBXShellScriptBuildPhase section */
		0A23B9FC50799F91C7202DE1 /* [CP] Check Pods Manifest.lock */ = {
			isa = PBXShellScriptBuildPhase;
			buildActionMask = 2147483647;
			files = (
			);
			inputFileListPaths = (
			);
			inputPaths = (
				"${PODS_PODFILE_DIR_PATH}/Podfile.lock",
				"${PODS_ROOT}/Manifest.lock",
			);
			name = "[CP] Check Pods Manifest.lock";
			outputFileListPaths = (
			);
			outputPaths = (
				"$(DERIVED_FILE_DIR)/Pods-Swift-DemoTests-checkManifestLockResult.txt",
			);
			runOnlyForDeploymentPostprocessing = 0;
			shellPath = /bin/sh;
			shellScript = "diff \"${PODS_PODFILE_DIR_PATH}/Podfile.lock\" \"${PODS_ROOT}/Manifest.lock\" > /dev/null\nif [ $? != 0 ] ; then\n    # print error to STDERR\n    echo \"error: The sandbox is not in sync with the Podfile.lock. Run 'pod install' or update your CocoaPods installation.\" >&2\n    exit 1\nfi\n# This output is used by Xcode 'outputs' to avoid re-running this script phase.\necho \"SUCCESS\" > \"${SCRIPT_OUTPUT_FILE_0}\"\n";
			showEnvVarsInLog = 0;
		};
		13E419AAAE92B94300EEDD35 /* [CP] Embed Pods Frameworks */ = {
			isa = PBXShellScriptBuildPhase;
			buildActionMask = 2147483647;
			files = (
			);
			inputFileListPaths = (
				"${PODS_ROOT}/Target Support Files/Pods-Swift-Demo/Pods-Swift-Demo-frameworks-${CONFIGURATION}-input-files.xcfilelist",
			);
			name = "[CP] Embed Pods Frameworks";
			outputFileListPaths = (
				"${PODS_ROOT}/Target Support Files/Pods-Swift-Demo/Pods-Swift-Demo-frameworks-${CONFIGURATION}-output-files.xcfilelist",
			);
			runOnlyForDeploymentPostprocessing = 0;
			shellPath = /bin/sh;
			shellScript = "\"${PODS_ROOT}/Target Support Files/Pods-Swift-Demo/Pods-Swift-Demo-frameworks.sh\"\n";
			showEnvVarsInLog = 0;
		};
		1FAE3B2EC15D61518ABEE914 /* [CP] Check Pods Manifest.lock */ = {
			isa = PBXShellScriptBuildPhase;
			buildActionMask = 2147483647;
			files = (
			);
			inputFileListPaths = (
			);
			inputPaths = (
				"${PODS_PODFILE_DIR_PATH}/Podfile.lock",
				"${PODS_ROOT}/Manifest.lock",
			);
			name = "[CP] Check Pods Manifest.lock";
			outputFileListPaths = (
			);
			outputPaths = (
				"$(DERIVED_FILE_DIR)/Pods-Swift-Demo-checkManifestLockResult.txt",
			);
			runOnlyForDeploymentPostprocessing = 0;
			shellPath = /bin/sh;
			shellScript = "diff \"${PODS_PODFILE_DIR_PATH}/Podfile.lock\" \"${PODS_ROOT}/Manifest.lock\" > /dev/null\nif [ $? != 0 ] ; then\n    # print error to STDERR\n    echo \"error: The sandbox is not in sync with the Podfile.lock. Run 'pod install' or update your CocoaPods installation.\" >&2\n    exit 1\nfi\n# This output is used by Xcode 'outputs' to avoid re-running this script phase.\necho \"SUCCESS\" > \"${SCRIPT_OUTPUT_FILE_0}\"\n";
			showEnvVarsInLog = 0;
		};
		2EC4DBC7A77DDE7673ECC1CF /* [CP] Embed Pods Frameworks */ = {
			isa = PBXShellScriptBuildPhase;
			buildActionMask = 2147483647;
			files = (
			);
			inputFileListPaths = (
				"${PODS_ROOT}/Target Support Files/Pods-Swift-Demo-Swift-DemoUITests/Pods-Swift-Demo-Swift-DemoUITests-frameworks-${CONFIGURATION}-input-files.xcfilelist",
			);
			name = "[CP] Embed Pods Frameworks";
			outputFileListPaths = (
				"${PODS_ROOT}/Target Support Files/Pods-Swift-Demo-Swift-DemoUITests/Pods-Swift-Demo-Swift-DemoUITests-frameworks-${CONFIGURATION}-output-files.xcfilelist",
			);
			runOnlyForDeploymentPostprocessing = 0;
			shellPath = /bin/sh;
			shellScript = "\"${PODS_ROOT}/Target Support Files/Pods-Swift-Demo-Swift-DemoUITests/Pods-Swift-Demo-Swift-DemoUITests-frameworks.sh\"\n";
			showEnvVarsInLog = 0;
		};
		F84E0D6A5D53F818885C128F /* [CP] Check Pods Manifest.lock */ = {
			isa = PBXShellScriptBuildPhase;
			buildActionMask = 2147483647;
			files = (
			);
			inputFileListPaths = (
			);
			inputPaths = (
				"${PODS_PODFILE_DIR_PATH}/Podfile.lock",
				"${PODS_ROOT}/Manifest.lock",
			);
			name = "[CP] Check Pods Manifest.lock";
			outputFileListPaths = (
			);
			outputPaths = (
				"$(DERIVED_FILE_DIR)/Pods-Swift-Demo-Swift-DemoUITests-checkManifestLockResult.txt",
			);
			runOnlyForDeploymentPostprocessing = 0;
			shellPath = /bin/sh;
			shellScript = "diff \"${PODS_PODFILE_DIR_PATH}/Podfile.lock\" \"${PODS_ROOT}/Manifest.lock\" > /dev/null\nif [ $? != 0 ] ; then\n    # print error to STDERR\n    echo \"error: The sandbox is not in sync with the Podfile.lock. Run 'pod install' or update your CocoaPods installation.\" >&2\n    exit 1\nfi\n# This output is used by Xcode 'outputs' to avoid re-running this script phase.\necho \"SUCCESS\" > \"${SCRIPT_OUTPUT_FILE_0}\"\n";
			showEnvVarsInLog = 0;
		};
/* End PBXShellScriptBuildPhase section */

/* Begin PBXSourcesBuildPhase section */
		038392D724F219AB001385A4 /* Sources */ = {
			isa = PBXSourcesBuildPhase;
			buildActionMask = 2147483647;
			files = (
				033AB739250A1FAE00A71284 /* DiscoverDetailsViewController.swift in Sources */,
				034604D1251459D3007F908F /* DateCell.swift in Sources */,
				033C70FF24FE7DCA0067BAF1 /* ShowDetailsViewController.swift in Sources */,
				038392DF24F219AB001385A4 /* AppDelegate.swift in Sources */,
				038392E124F219AB001385A4 /* SceneDelegate.swift in Sources */,
				033C710124FE9B040067BAF1 /* DiscoverTableViewCell.swift in Sources */,
				034604D325149B9E007F908F /* DateHeader.swift in Sources */,
				03C21BD924F6367B002EC69F /* MineViewController.swift in Sources */,
				03C21BD724F63646002EC69F /* ScheduleViewController.swift in Sources */,
				03C21BDB24F642DE002EC69F /* ADLoopView.swift in Sources */,
				032512BD24F6007A00AF1E34 /* HomeViewController.swift in Sources */,
				03C21BD324F633BE002EC69F /* DiscoverViewController.swift in Sources */,
				0358AE37251C4F9700538DB2 /* MineTableViewCell.swift in Sources */,
			);
			runOnlyForDeploymentPostprocessing = 0;
		};
		038392ED24F219AE001385A4 /* Sources */ = {
			isa = PBXSourcesBuildPhase;
			buildActionMask = 2147483647;
			files = (
				038392F624F219AE001385A4 /* Demo_AppTests.swift in Sources */,
			);
			runOnlyForDeploymentPostprocessing = 0;
		};
		038392F824F219AE001385A4 /* Sources */ = {
			isa = PBXSourcesBuildPhase;
			buildActionMask = 2147483647;
			files = (
				0383930124F219AE001385A4 /* Demo_AppUITests.swift in Sources */,
			);
			runOnlyForDeploymentPostprocessing = 0;
		};
/* End PBXSourcesBuildPhase section */

/* Begin PBXTargetDependency section */
		038392F324F219AE001385A4 /* PBXTargetDependency */ = {
			isa = PBXTargetDependency;
			target = 038392DA24F219AB001385A4 /* Swift-Demo */;
			targetProxy = 038392F224F219AE001385A4 /* PBXContainerItemProxy */;
		};
		038392FE24F219AE001385A4 /* PBXTargetDependency */ = {
			isa = PBXTargetDependency;
			target = 038392DA24F219AB001385A4 /* Swift-Demo */;
			targetProxy = 038392FD24F219AE001385A4 /* PBXContainerItemProxy */;
		};
/* End PBXTargetDependency section */

/* Begin PBXVariantGroup section */
		038392E424F219AB001385A4 /* Main.storyboard */ = {
			isa = PBXVariantGroup;
			children = (
				038392E524F219AB001385A4 /* Base */,
			);
			name = Main.storyboard;
			sourceTree = "<group>";
		};
		038392E924F219AD001385A4 /* LaunchScreen.storyboard */ = {
			isa = PBXVariantGroup;
			children = (
				038392EA24F219AD001385A4 /* Base */,
			);
			name = LaunchScreen.storyboard;
			sourceTree = "<group>";
		};
/* End PBXVariantGroup section */

/* Begin XCBuildConfiguration section */
		0383930324F219AE001385A4 /* Debug */ = {
			isa = XCBuildConfiguration;
			buildSettings = {
				ALWAYS_SEARCH_USER_PATHS = NO;
				CLANG_ANALYZER_NONNULL = YES;
				CLANG_ANALYZER_NUMBER_OBJECT_CONVERSION = YES_AGGRESSIVE;
				CLANG_CXX_LANGUAGE_STANDARD = "gnu++14";
				CLANG_CXX_LIBRARY = "libc++";
				CLANG_ENABLE_MODULES = YES;
				CLANG_ENABLE_OBJC_ARC = YES;
				CLANG_ENABLE_OBJC_WEAK = YES;
				CLANG_WARN_BLOCK_CAPTURE_AUTORELEASING = YES;
				CLANG_WARN_BOOL_CONVERSION = YES;
				CLANG_WARN_COMMA = YES;
				CLANG_WARN_CONSTANT_CONVERSION = YES;
				CLANG_WARN_DEPRECATED_OBJC_IMPLEMENTATIONS = YES;
				CLANG_WARN_DIRECT_OBJC_ISA_USAGE = YES_ERROR;
				CLANG_WARN_DOCUMENTATION_COMMENTS = YES;
				CLANG_WARN_EMPTY_BODY = YES;
				CLANG_WARN_ENUM_CONVERSION = YES;
				CLANG_WARN_INFINITE_RECURSION = YES;
				CLANG_WARN_INT_CONVERSION = YES;
				CLANG_WARN_NON_LITERAL_NULL_CONVERSION = YES;
				CLANG_WARN_OBJC_IMPLICIT_RETAIN_SELF = YES;
				CLANG_WARN_OBJC_LITERAL_CONVERSION = YES;
				CLANG_WARN_OBJC_ROOT_CLASS = YES_ERROR;
				CLANG_WARN_RANGE_LOOP_ANALYSIS = YES;
				CLANG_WARN_STRICT_PROTOTYPES = YES;
				CLANG_WARN_SUSPICIOUS_MOVE = YES;
				CLANG_WARN_UNGUARDED_AVAILABILITY = YES_AGGRESSIVE;
				CLANG_WARN_UNREACHABLE_CODE = YES;
				CLANG_WARN__DUPLICATE_METHOD_MATCH = YES;
				COPY_PHASE_STRIP = NO;
				DEBUG_INFORMATION_FORMAT = dwarf;
				ENABLE_STRICT_OBJC_MSGSEND = YES;
				ENABLE_TESTABILITY = YES;
				GCC_C_LANGUAGE_STANDARD = gnu11;
				GCC_DYNAMIC_NO_PIC = NO;
				GCC_NO_COMMON_BLOCKS = YES;
				GCC_OPTIMIZATION_LEVEL = 0;
				GCC_PREPROCESSOR_DEFINITIONS = (
					"DEBUG=1",
					"$(inherited)",
				);
				GCC_WARN_64_TO_32_BIT_CONVERSION = YES;
				GCC_WARN_ABOUT_RETURN_TYPE = YES_ERROR;
				GCC_WARN_UNDECLARED_SELECTOR = YES;
				GCC_WARN_UNINITIALIZED_AUTOS = YES_AGGRESSIVE;
				GCC_WARN_UNUSED_FUNCTION = YES;
				GCC_WARN_UNUSED_VARIABLE = YES;
				IPHONEOS_DEPLOYMENT_TARGET = 13.6;
				MTL_ENABLE_DEBUG_INFO = INCLUDE_SOURCE;
				MTL_FAST_MATH = YES;
				ONLY_ACTIVE_ARCH = YES;
				SDKROOT = iphoneos;
				SWIFT_ACTIVE_COMPILATION_CONDITIONS = DEBUG;
				SWIFT_OPTIMIZATION_LEVEL = "-Onone";
			};
			name = Debug;
		};
		0383930424F219AE001385A4 /* Release */ = {
			isa = XCBuildConfiguration;
			buildSettings = {
				ALWAYS_SEARCH_USER_PATHS = NO;
				CLANG_ANALYZER_NONNULL = YES;
				CLANG_ANALYZER_NUMBER_OBJECT_CONVERSION = YES_AGGRESSIVE;
				CLANG_CXX_LANGUAGE_STANDARD = "gnu++14";
				CLANG_CXX_LIBRARY = "libc++";
				CLANG_ENABLE_MODULES = YES;
				CLANG_ENABLE_OBJC_ARC = YES;
				CLANG_ENABLE_OBJC_WEAK = YES;
				CLANG_WARN_BLOCK_CAPTURE_AUTORELEASING = YES;
				CLANG_WARN_BOOL_CONVERSION = YES;
				CLANG_WARN_COMMA = YES;
				CLANG_WARN_CONSTANT_CONVERSION = YES;
				CLANG_WARN_DEPRECATED_OBJC_IMPLEMENTATIONS = YES;
				CLANG_WARN_DIRECT_OBJC_ISA_USAGE = YES_ERROR;
				CLANG_WARN_DOCUMENTATION_COMMENTS = YES;
				CLANG_WARN_EMPTY_BODY = YES;
				CLANG_WARN_ENUM_CONVERSION = YES;
				CLANG_WARN_INFINITE_RECURSION = YES;
				CLANG_WARN_INT_CONVERSION = YES;
				CLANG_WARN_NON_LITERAL_NULL_CONVERSION = YES;
				CLANG_WARN_OBJC_IMPLICIT_RETAIN_SELF = YES;
				CLANG_WARN_OBJC_LITERAL_CONVERSION = YES;
				CLANG_WARN_OBJC_ROOT_CLASS = YES_ERROR;
				CLANG_WARN_RANGE_LOOP_ANALYSIS = YES;
				CLANG_WARN_STRICT_PROTOTYPES = YES;
				CLANG_WARN_SUSPICIOUS_MOVE = YES;
				CLANG_WARN_UNGUARDED_AVAILABILITY = YES_AGGRESSIVE;
				CLANG_WARN_UNREACHABLE_CODE = YES;
				CLANG_WARN__DUPLICATE_METHOD_MATCH = YES;
				COPY_PHASE_STRIP = NO;
				DEBUG_INFORMATION_FORMAT = "dwarf-with-dsym";
				ENABLE_NS_ASSERTIONS = NO;
				ENABLE_STRICT_OBJC_MSGSEND = YES;
				GCC_C_LANGUAGE_STANDARD = gnu11;
				GCC_NO_COMMON_BLOCKS = YES;
				GCC_WARN_64_TO_32_BIT_CONVERSION = YES;
				GCC_WARN_ABOUT_RETURN_TYPE = YES_ERROR;
				GCC_WARN_UNDECLARED_SELECTOR = YES;
				GCC_WARN_UNINITIALIZED_AUTOS = YES_AGGRESSIVE;
				GCC_WARN_UNUSED_FUNCTION = YES;
				GCC_WARN_UNUSED_VARIABLE = YES;
				IPHONEOS_DEPLOYMENT_TARGET = 13.6;
				MTL_ENABLE_DEBUG_INFO = NO;
				MTL_FAST_MATH = YES;
				SDKROOT = iphoneos;
				SWIFT_COMPILATION_MODE = wholemodule;
				SWIFT_OPTIMIZATION_LEVEL = "-O";
				VALIDATE_PRODUCT = YES;
			};
			name = Release;
		};
		0383930624F219AE001385A4 /* Debug */ = {
			isa = XCBuildConfiguration;
			baseConfigurationReference = CCF54DFC9D28BE5D0F8A4BCC /* Pods-Swift-Demo.debug.xcconfig */;
			buildSettings = {
				ASSETCATALOG_COMPILER_APPICON_NAME = AppIcon;
				CODE_SIGN_STYLE = Automatic;
				INFOPLIST_FILE = "Swift-Demo/Info.plist";
				LD_RUNPATH_SEARCH_PATHS = (
					"$(inherited)",
					"@executable_path/Frameworks",
				);
				PRODUCT_BUNDLE_IDENTIFIER = "JF.Swift-Demo";
				PRODUCT_NAME = "$(TARGET_NAME)";
				SWIFT_VERSION = 5.0;
				TARGETED_DEVICE_FAMILY = "1,2";
			};
			name = Debug;
		};
		0383930724F219AE001385A4 /* Release */ = {
			isa = XCBuildConfiguration;
			baseConfigurationReference = A388B7EC7DD188954247CE67 /* Pods-Swift-Demo.release.xcconfig */;
			buildSettings = {
				ASSETCATALOG_COMPILER_APPICON_NAME = AppIcon;
				CODE_SIGN_STYLE = Automatic;
				INFOPLIST_FILE = "Swift-Demo/Info.plist";
				LD_RUNPATH_SEARCH_PATHS = (
					"$(inherited)",
					"@executable_path/Frameworks",
				);
				PRODUCT_BUNDLE_IDENTIFIER = "JF.Swift-Demo";
				PRODUCT_NAME = "$(TARGET_NAME)";
				SWIFT_VERSION = 5.0;
				TARGETED_DEVICE_FAMILY = "1,2";
			};
			name = Release;
		};
		0383930924F219AE001385A4 /* Debug */ = {
			isa = XCBuildConfiguration;
			baseConfigurationReference = 6B89A92B8868F3849BCB2CAF /* Pods-Swift-DemoTests.debug.xcconfig */;
			buildSettings = {
				ALWAYS_EMBED_SWIFT_STANDARD_LIBRARIES = YES;
				BUNDLE_LOADER = "$(TEST_HOST)";
				CODE_SIGN_STYLE = Automatic;
				INFOPLIST_FILE = "Swift-DemoTests/Info.plist";
				IPHONEOS_DEPLOYMENT_TARGET = 13.6;
				LD_RUNPATH_SEARCH_PATHS = (
					"$(inherited)",
					"@executable_path/Frameworks",
					"@loader_path/Frameworks",
				);
				PRODUCT_BUNDLE_IDENTIFIER = "JF.Swift-DemoTests";
				PRODUCT_NAME = "$(TARGET_NAME)";
				SWIFT_VERSION = 5.0;
				TARGETED_DEVICE_FAMILY = "1,2";
				TEST_HOST = "$(BUILT_PRODUCTS_DIR)/Swift-Demo.app/Swift-Demo";
			};
			name = Debug;
		};
		0383930A24F219AE001385A4 /* Release */ = {
			isa = XCBuildConfiguration;
			baseConfigurationReference = F95B027CC68AD24E9534A621 /* Pods-Swift-DemoTests.release.xcconfig */;
			buildSettings = {
				ALWAYS_EMBED_SWIFT_STANDARD_LIBRARIES = YES;
				BUNDLE_LOADER = "$(TEST_HOST)";
				CODE_SIGN_STYLE = Automatic;
				INFOPLIST_FILE = "Swift-DemoTests/Info.plist";
				IPHONEOS_DEPLOYMENT_TARGET = 13.6;
				LD_RUNPATH_SEARCH_PATHS = (
					"$(inherited)",
					"@executable_path/Frameworks",
					"@loader_path/Frameworks",
				);
				PRODUCT_BUNDLE_IDENTIFIER = "JF.Swift-DemoTests";
				PRODUCT_NAME = "$(TARGET_NAME)";
				SWIFT_VERSION = 5.0;
				TARGETED_DEVICE_FAMILY = "1,2";
				TEST_HOST = "$(BUILT_PRODUCTS_DIR)/Swift-Demo.app/Swift-Demo";
			};
			name = Release;
		};
		0383930C24F219AE001385A4 /* Debug */ = {
			isa = XCBuildConfiguration;
			baseConfigurationReference = 19CBF85D5EBB9A190DB3D337 /* Pods-Swift-Demo-Swift-DemoUITests.debug.xcconfig */;
			buildSettings = {
				ALWAYS_EMBED_SWIFT_STANDARD_LIBRARIES = YES;
				CODE_SIGN_STYLE = Automatic;
				INFOPLIST_FILE = "Swift-DemoUITests/Info.plist";
				LD_RUNPATH_SEARCH_PATHS = (
					"$(inherited)",
					"@executable_path/Frameworks",
					"@loader_path/Frameworks",
				);
				PRODUCT_BUNDLE_IDENTIFIER = "JF.Swift-DemoUITests";
				PRODUCT_NAME = "$(TARGET_NAME)";
				SWIFT_VERSION = 5.0;
				TARGETED_DEVICE_FAMILY = "1,2";
				TEST_TARGET_NAME = "Swift-Demo";
			};
			name = Debug;
		};
		0383930D24F219AE001385A4 /* Release */ = {
			isa = XCBuildConfiguration;
			baseConfigurationReference = 62A2F3EF42696DB5F97F6D43 /* Pods-Swift-Demo-Swift-DemoUITests.release.xcconfig */;
			buildSettings = {
				ALWAYS_EMBED_SWIFT_STANDARD_LIBRARIES = YES;
				CODE_SIGN_STYLE = Automatic;
				INFOPLIST_FILE = "Swift-DemoUITests/Info.plist";
				LD_RUNPATH_SEARCH_PATHS = (
					"$(inherited)",
					"@executable_path/Frameworks",
					"@loader_path/Frameworks",
				);
				PRODUCT_BUNDLE_IDENTIFIER = "JF.Swift-DemoUITests";
				PRODUCT_NAME = "$(TARGET_NAME)";
				SWIFT_VERSION = 5.0;
				TARGETED_DEVICE_FAMILY = "1,2";
				TEST_TARGET_NAME = "Swift-Demo";
			};
			name = Release;
		};
/* End XCBuildConfiguration section */

/* Begin XCConfigurationList section */
		038392D624F219AB001385A4 /* Build configuration list for PBXProject "Swift-Demo" */ = {
			isa = XCConfigurationList;
			buildConfigurations = (
				0383930324F219AE001385A4 /* Debug */,
				0383930424F219AE001385A4 /* Release */,
			);
			defaultConfigurationIsVisible = 0;
			defaultConfigurationName = Release;
		};
		0383930524F219AE001385A4 /* Build configuration list for PBXNativeTarget "Swift-Demo" */ = {
			isa = XCConfigurationList;
			buildConfigurations = (
				0383930624F219AE001385A4 /* Debug */,
				0383930724F219AE001385A4 /* Release */,
			);
			defaultConfigurationIsVisible = 0;
			defaultConfigurationName = Release;
		};
		0383930824F219AE001385A4 /* Build configuration list for PBXNativeTarget "Swift-DemoTests" */ = {
			isa = XCConfigurationList;
			buildConfigurations = (
				0383930924F219AE001385A4 /* Debug */,
				0383930A24F219AE001385A4 /* Release */,
			);
			defaultConfigurationIsVisible = 0;
			defaultConfigurationName = Release;
		};
		0383930B24F219AE001385A4 /* Build configuration list for PBXNativeTarget "Swift-DemoUITests" */ = {
			isa = XCConfigurationList;
			buildConfigurations = (
				0383930C24F219AE001385A4 /* Debug */,
				0383930D24F219AE001385A4 /* Release */,
			);
			defaultConfigurationIsVisible = 0;
			defaultConfigurationName = Release;
		};
/* End XCConfigurationList section */
	};
	rootObject = 038392D324F219AB001385A4 /* Project object */;
}
